PODS:
  - HaishinKit (2.0.1):
    - Logboard (~> 2.5.0)
  - Logboard (2.5.0)
  - TFGPUImage (1.0.0)
  - TFSRT (2.0.1):
    - HaishinKit (= 2.0.1)
    - TFGPUImage (= 1.0.0)

DEPENDENCIES:
  - TFGPUImage (from `../../TFGPUImage/TFGPUImage.podspec`)
  - TFSRT (from `../../HaishinKit.swift/TFSRT.podspec`)

SPEC REPOS:
  trunk:
    - HaishinKit
    - Logboard

EXTERNAL SOURCES:
  TFGPUImage:
    :path: "../../TFGPUImage/TFGPUImage.podspec"
  TFSRT:
    :path: "../../HaishinKit.swift/TFSRT.podspec"

SPEC CHECKSUMS:
  HaishinKit: 0f45d773a56f0a9b1054b02809cb8b5ed5ac0a83
  Logboard: 4674a3d86681539a0ad1fca528d888b90871e268
  TFGPUImage: 4a0a3bcfa9e0b2cd17cce3c342085235c2b70e0b
  TFSRT: 85c07f35b008527b3fb8f25f1672bf791adb5fb5

PODFILE CHECKSUM: 8576a3fa5bf1c6d0681631a0d5cf41ad01594832

COCOAPODS: 1.15.2
