PODS:
  - HaishinKit (2.0.2):
    - Logboard (~> 2.5.0)
  - Logboard (2.5.0)
  - TFGPUImage (1.0.1)
  - TFSRT (1.0.0):
    - HaishinKit (= 2.0.2)
    - TFGPUImage

DEPENDENCIES:
  - TFGPUImage (from `../../TFGPUImage/TFGPUImage.podspec`)
  - TFSRT (from `../../HaishinKit.swift/TFSRT.podspec`)

SPEC REPOS:
  trunk:
    - HaishinKit
    - Logboard

EXTERNAL SOURCES:
  TFGPUImage:
    :path: "../../TFGPUImage/TFGPUImage.podspec"
  TFSRT:
    :path: "../../HaishinKit.swift/TFSRT.podspec"

SPEC CHECKSUMS:
  HaishinKit: 480fc5d936531addfac33022d2368b3dcd5b106e
  Logboard: 4674a3d86681539a0ad1fca528d888b90871e268
  TFGPUImage: 58bd42a77d72867dd61ac695e4d8f04289461cb0
  TFSRT: eaaab93f2927b58ac4165a82e8c5ab806bc0ea27

PODFILE CHECKSUM: 8576a3fa5bf1c6d0681631a0d5cf41ad01594832

COCOAPODS: 1.16.2
