{
  "originHash" : "7ca72a24d629e4929669016660ee8ce04b0d1bfd8b1c81d1b54d70ff64b7b9a6",
  "pins" : [
    {
      "identity" : "logboard",
      "kind" : "remoteSourceControl",
      "location" : "https://github.com/shogo4405/Logboard.git",
      "state" : {
        "revision" : "272976e1f3e8873e60ffe4b08fe50df48a93751b",
        "version" : "2.5.0"
      }
    }
  ],
  "version" : 3
}
