// !$*UTF8*$!
{
	archiveVersion = 1;
	classes = {
	};
	objectVersion = 47;
	objects = {

/* Begin PBXBuildFile section */
		2906CD451C9AD920006FCF56 /* VideoPreviewLayer.swift in Sources */ = {isa = PBXBuildFile; fileRef = 2906CD441C9AD920006FCF56 /* VideoPreviewLayer.swift */; };
		290907D01C3961CE00F2E80C /* ByteArray.swift in Sources */ = {isa = PBXBuildFile; fileRef = 290907CF1C3961CE00F2E80C /* ByteArray.swift */; };
		290907D31C3961E500F2E80C /* Encoder.swift in Sources */ = {isa = PBXBuildFile; fileRef = 290907D11C3961E500F2E80C /* Encoder.swift */; };
		290907D41C3961E500F2E80C /* AVCEncoder.swift in Sources */ = {isa = PBXBuildFile; fileRef = 290907D21C3961E500F2E80C /* AVCEncoder.swift */; };
		290907D61C3961F700F2E80C /* H264+AVC.swift in Sources */ = {isa = PBXBuildFile; fileRef = 290907D51C3961F700F2E80C /* H264+AVC.swift */; };
		290907DD1C3965F000F2E80C /* AACEncoder.swift in Sources */ = {isa = PBXBuildFile; fileRef = 290907DC1C3965F000F2E80C /* AACEncoder.swift */; };
		290DDA351C88645200EA5BEB /* Constant.swift in Sources */ = {isa = PBXBuildFile; fileRef = 290DDA341C88645200EA5BEB /* Constant.swift */; };
		290DDA381C8864A900EA5BEB /* Runnable.swift in Sources */ = {isa = PBXBuildFile; fileRef = 290DDA361C8864A900EA5BEB /* Runnable.swift */; };
		290DDA391C8864A900EA5BEB /* SiwftCore+Extension.swift in Sources */ = {isa = PBXBuildFile; fileRef = 290DDA371C8864A900EA5BEB /* SiwftCore+Extension.swift */; };
		290DDA3B1C8864EB00EA5BEB /* Foundation+Extension.swift in Sources */ = {isa = PBXBuildFile; fileRef = 290DDA3A1C8864EB00EA5BEB /* Foundation+Extension.swift */; };
		291F69DE1C88810E00C8B53E /* SoundTransform.swift in Sources */ = {isa = PBXBuildFile; fileRef = 291F69DD1C88810E00C8B53E /* SoundTransform.swift */; };
		2922DA341C4150830016F67A /* MD5.swift in Sources */ = {isa = PBXBuildFile; fileRef = 2922DA331C4150830016F67A /* MD5.swift */; };
		2922DA361C415FB70016F67A /* MD5Tests.swift in Sources */ = {isa = PBXBuildFile; fileRef = 2922DA351C415FB70016F67A /* MD5Tests.swift */; };
		292A168C1CA17B2E00B02325 /* AudioSessionUtil.swift in Sources */ = {isa = PBXBuildFile; fileRef = 292A168B1CA17B2E00B02325 /* AudioSessionUtil.swift */; };
		2945CBC31B4BE66000104112 /* lf.h in Headers */ = {isa = PBXBuildFile; fileRef = 2945CBC21B4BE66000104112 /* lf.h */; settings = {ATTRIBUTES = (Public, ); }; };
		2945CBC91B4BE66000104112 /* lf.framework in Frameworks */ = {isa = PBXBuildFile; fileRef = 2945CBBD1B4BE66000104112 /* lf.framework */; };
		29556CBD1C8F064C00A7242B /* VisualEffect.swift in Sources */ = {isa = PBXBuildFile; fileRef = 29556CBC1C8F064C00A7242B /* VisualEffect.swift */; };
		295EDC5C1CA0D488006A4A35 /* VideoIOView.swift in Sources */ = {isa = PBXBuildFile; fileRef = 295EDC5B1CA0D488006A4A35 /* VideoIOView.swift */; };
		295FEFAE1C3823BE00271E90 /* AMF0Serializer.swift in Sources */ = {isa = PBXBuildFile; fileRef = 295FEFAB1C3823BE00271E90 /* AMF0Serializer.swift */; };
		295FEFB01C3823BE00271E90 /* RTMPRecorder.swift in Sources */ = {isa = PBXBuildFile; fileRef = 295FEFAD1C3823BE00271E90 /* RTMPRecorder.swift */; };
		295FEFB71C3823E200271E90 /* MP4AudioSpecificConfig.swift in Sources */ = {isa = PBXBuildFile; fileRef = 295FEFB51C3823E200271E90 /* MP4AudioSpecificConfig.swift */; };
		295FEFB81C3823E200271E90 /* MP4File.swift in Sources */ = {isa = PBXBuildFile; fileRef = 295FEFB61C3823E200271E90 /* MP4File.swift */; };
		298E1FB01CA01D5700B1030B /* ASStruct.swift in Sources */ = {isa = PBXBuildFile; fileRef = 298E1FAF1CA01D5700B1030B /* ASStruct.swift */; };
		298E1FB41CA01FF800B1030B /* AMF3Serializer.swift in Sources */ = {isa = PBXBuildFile; fileRef = 298E1FB31CA01FF800B1030B /* AMF3Serializer.swift */; };
		2996B3E71C8C8D7A00CE641B /* AudioIOComponent.swift in Sources */ = {isa = PBXBuildFile; fileRef = 2996B3E61C8C8D7A00CE641B /* AudioIOComponent.swift */; };
		299E18851C7A4440000AB4CC /* RTMPAudioPlayback.swift in Sources */ = {isa = PBXBuildFile; fileRef = 299E18841C7A443F000AB4CC /* RTMPAudioPlayback.swift */; };
		29B018A61C9E3648005F995E /* ByteArrayTests.swift in Sources */ = {isa = PBXBuildFile; fileRef = 29B018A51C9E3648005F995E /* ByteArrayTests.swift */; };
		29B018A81C9E57FF005F995E /* SwiftCore+ExtensionTests.swift in Sources */ = {isa = PBXBuildFile; fileRef = 29B018A71C9E57FF005F995E /* SwiftCore+ExtensionTests.swift */; };
		29B283401B67AC3800E7CE5B /* EventDispatcherTests.swift in Sources */ = {isa = PBXBuildFile; fileRef = 29B2833F1B67AC3800E7CE5B /* EventDispatcherTests.swift */; };
		29BDE0BF1C65BD4300D6A768 /* EventDispatcher.swift in Sources */ = {isa = PBXBuildFile; fileRef = 29BDE0BE1C65BD4300D6A768 /* EventDispatcher.swift */; };
		29BDE0C21C65BD5000D6A768 /* AVCaptureSessionManager.swift in Sources */ = {isa = PBXBuildFile; fileRef = 29BDE0C01C65BD5000D6A768 /* AVCaptureSessionManager.swift */; };
		29BDE0C31C65BD5000D6A768 /* ScreenCaptureSession.swift in Sources */ = {isa = PBXBuildFile; fileRef = 29BDE0C11C65BD5000D6A768 /* ScreenCaptureSession.swift */; };
		29C0E0611C2EB02E009DD8E8 /* RTMPChunk.swift in Sources */ = {isa = PBXBuildFile; fileRef = 29C0E05A1C2EB02E009DD8E8 /* RTMPChunk.swift */; };
		29C0E0621C2EB02E009DD8E8 /* RTMPConnection.swift in Sources */ = {isa = PBXBuildFile; fileRef = 29C0E05B1C2EB02E009DD8E8 /* RTMPConnection.swift */; };
		29C0E0631C2EB02E009DD8E8 /* RTMPMessage.swift in Sources */ = {isa = PBXBuildFile; fileRef = 29C0E05C1C2EB02E009DD8E8 /* RTMPMessage.swift */; };
		29C0E0641C2EB02E009DD8E8 /* RTMPMuxer.swift in Sources */ = {isa = PBXBuildFile; fileRef = 29C0E05D1C2EB02E009DD8E8 /* RTMPMuxer.swift */; };
		29C0E0651C2EB02E009DD8E8 /* RTMPSharedObject.swift in Sources */ = {isa = PBXBuildFile; fileRef = 29C0E05E1C2EB02E009DD8E8 /* RTMPSharedObject.swift */; };
		29C0E0661C2EB02E009DD8E8 /* RTMPSocket.swift in Sources */ = {isa = PBXBuildFile; fileRef = 29C0E05F1C2EB02E009DD8E8 /* RTMPSocket.swift */; };
		29C0E0671C2EB02E009DD8E8 /* RTMPStream.swift in Sources */ = {isa = PBXBuildFile; fileRef = 29C0E0601C2EB02E009DD8E8 /* RTMPStream.swift */; };
		29C5620B1C78D71700D4E51B /* ASStructTests.swift in Sources */ = {isa = PBXBuildFile; fileRef = 29C5620A1C78D71700D4E51B /* ASStructTests.swift */; };
		29C5620D1C78D73F00D4E51B /* AMF0SerializerTests.swift in Sources */ = {isa = PBXBuildFile; fileRef = 29C5620C1C78D73F00D4E51B /* AMF0SerializerTests.swift */; };
		29CF9DA01C8DD06700576CA6 /* Function.swift in Sources */ = {isa = PBXBuildFile; fileRef = 29CF9D9F1C8DD06700576CA6 /* Function.swift */; };
		29DD18381B6E77EF00B9E10A /* AMF3SerializerTests.swift in Sources */ = {isa = PBXBuildFile; fileRef = 29DD18371B6E77EF00B9E10A /* AMF3SerializerTests.swift */; };
		29E8603A1C2EFC0E00C595FB /* Foundation+ExtensionTests.swift in Sources */ = {isa = PBXBuildFile; fileRef = 29E860391C2EFC0E00C595FB /* Foundation+ExtensionTests.swift */; };
		29EA5FDB1C8C5178001CB36B /* VideoIOComponent.swift in Sources */ = {isa = PBXBuildFile; fileRef = 29EA5FDA1C8C5177001CB36B /* VideoIOComponent.swift */; };
		29FA89731C68CA9C0032B242 /* AudioStreamPlayback.swift in Sources */ = {isa = PBXBuildFile; fileRef = 29FA89721C68CA9C0032B242 /* AudioStreamPlayback.swift */; };
		739DB98C6B00B9523DBB849D /* Pods_lf.framework in Frameworks */ = {isa = PBXBuildFile; fileRef = A3788BD1092C37100DDE4086 /* Pods_lf.framework */; };
		B1A0668B8F471BAC6EC43B1A /* Pods_lfTests.framework in Frameworks */ = {isa = PBXBuildFile; fileRef = 635A71CA92B276AE53494AC6 /* Pods_lfTests.framework */; };
		BE83BABD1CA2E49A006F50B4 /* Pods_lf.framework in Frameworks */ = {isa = PBXBuildFile; fileRef = BE83BABC1CA2E49A006F50B4 /* Pods_lf.framework */; };
/* End PBXBuildFile section */

/* Begin PBXBuildRule section */
		29C266CB1B4BE80100588BBE /* PBXBuildRule */ = {
			isa = PBXBuildRule;
			compilerSpec = com.apple.compilers.proxy.script;
			fileType = folder.skatlas;
			isEditable = 1;
			outputFiles = (
			);
			script = "$(DEVELOPER_TOOLS_DIR)/../usr/bin/TextureAtlas\n";
		};
/* End PBXBuildRule section */

/* Begin PBXContainerItemProxy section */
		2945CBCA1B4BE66000104112 /* PBXContainerItemProxy */ = {
			isa = PBXContainerItemProxy;
			containerPortal = 2945CBB41B4BE66000104112 /* Project object */;
			proxyType = 1;
			remoteGlobalIDString = 2945CBBC1B4BE66000104112;
			remoteInfo = lf;
		};
/* End PBXContainerItemProxy section */

/* Begin PBXFileReference section */
		04960C75F7EE54F8A3E63FD3 /* Pods-lf.release.xcconfig */ = {isa = PBXFileReference; includeInIndex = 1; lastKnownFileType = text.xcconfig; name = "Pods-lf.release.xcconfig"; path = "Pods/Target Support Files/Pods-lf/Pods-lf.release.xcconfig"; sourceTree = "<group>"; };
		2906CD441C9AD920006FCF56 /* VideoPreviewLayer.swift */ = {isa = PBXFileReference; fileEncoding = 4; lastKnownFileType = sourcecode.swift; name = VideoPreviewLayer.swift; path = Media/VideoPreviewLayer.swift; sourceTree = "<group>"; };
		290907CF1C3961CE00F2E80C /* ByteArray.swift */ = {isa = PBXFileReference; fileEncoding = 4; lastKnownFileType = sourcecode.swift; name = ByteArray.swift; path = Util/ByteArray.swift; sourceTree = "<group>"; };
		290907D11C3961E500F2E80C /* Encoder.swift */ = {isa = PBXFileReference; fileEncoding = 4; lastKnownFileType = sourcecode.swift; name = Encoder.swift; path = Codec/Encoder.swift; sourceTree = "<group>"; };
		290907D21C3961E500F2E80C /* AVCEncoder.swift */ = {isa = PBXFileReference; fileEncoding = 4; lastKnownFileType = sourcecode.swift; name = AVCEncoder.swift; path = Codec/AVCEncoder.swift; sourceTree = "<group>"; };
		290907D51C3961F700F2E80C /* H264+AVC.swift */ = {isa = PBXFileReference; fileEncoding = 4; lastKnownFileType = sourcecode.swift; name = "H264+AVC.swift"; path = "ISO/H264+AVC.swift"; sourceTree = "<group>"; };
		290907DC1C3965F000F2E80C /* AACEncoder.swift */ = {isa = PBXFileReference; fileEncoding = 4; lastKnownFileType = sourcecode.swift; name = AACEncoder.swift; path = Codec/AACEncoder.swift; sourceTree = "<group>"; };
		290DDA341C88645200EA5BEB /* Constant.swift */ = {isa = PBXFileReference; fileEncoding = 4; lastKnownFileType = sourcecode.swift; path = Constant.swift; sourceTree = "<group>"; };
		290DDA361C8864A900EA5BEB /* Runnable.swift */ = {isa = PBXFileReference; fileEncoding = 4; lastKnownFileType = sourcecode.swift; path = Runnable.swift; sourceTree = "<group>"; };
		290DDA371C8864A900EA5BEB /* SiwftCore+Extension.swift */ = {isa = PBXFileReference; fileEncoding = 4; lastKnownFileType = sourcecode.swift; path = "SiwftCore+Extension.swift"; sourceTree = "<group>"; };
		290DDA3A1C8864EB00EA5BEB /* Foundation+Extension.swift */ = {isa = PBXFileReference; fileEncoding = 4; lastKnownFileType = sourcecode.swift; path = "Foundation+Extension.swift"; sourceTree = "<group>"; };
		291F69DD1C88810E00C8B53E /* SoundTransform.swift */ = {isa = PBXFileReference; fileEncoding = 4; lastKnownFileType = sourcecode.swift; name = SoundTransform.swift; path = Media/SoundTransform.swift; sourceTree = "<group>"; };
		2922DA331C4150830016F67A /* MD5.swift */ = {isa = PBXFileReference; fileEncoding = 4; lastKnownFileType = sourcecode.swift; name = MD5.swift; path = Util/MD5.swift; sourceTree = "<group>"; };
		2922DA351C415FB70016F67A /* MD5Tests.swift */ = {isa = PBXFileReference; fileEncoding = 4; lastKnownFileType = sourcecode.swift; path = MD5Tests.swift; sourceTree = "<group>"; };
		292A168B1CA17B2E00B02325 /* AudioSessionUtil.swift */ = {isa = PBXFileReference; fileEncoding = 4; lastKnownFileType = sourcecode.swift; name = AudioSessionUtil.swift; path = Util/AudioSessionUtil.swift; sourceTree = "<group>"; };
		2945CBBD1B4BE66000104112 /* lf.framework */ = {isa = PBXFileReference; explicitFileType = wrapper.framework; includeInIndex = 0; path = lf.framework; sourceTree = BUILT_PRODUCTS_DIR; };
		2945CBC11B4BE66000104112 /* Info.plist */ = {isa = PBXFileReference; lastKnownFileType = text.plist.xml; path = Info.plist; sourceTree = "<group>"; };
		2945CBC21B4BE66000104112 /* lf.h */ = {isa = PBXFileReference; lastKnownFileType = sourcecode.c.h; path = lf.h; sourceTree = "<group>"; };
		2945CBC81B4BE66000104112 /* lfTests.xctest */ = {isa = PBXFileReference; explicitFileType = wrapper.cfbundle; includeInIndex = 0; path = lfTests.xctest; sourceTree = BUILT_PRODUCTS_DIR; };
		2945CBCE1B4BE66000104112 /* Info.plist */ = {isa = PBXFileReference; lastKnownFileType = text.plist.xml; path = Info.plist; sourceTree = "<group>"; };
		29556CBC1C8F064C00A7242B /* VisualEffect.swift */ = {isa = PBXFileReference; fileEncoding = 4; lastKnownFileType = sourcecode.swift; name = VisualEffect.swift; path = Media/VisualEffect.swift; sourceTree = "<group>"; };
		295EDC5B1CA0D488006A4A35 /* VideoIOView.swift */ = {isa = PBXFileReference; fileEncoding = 4; lastKnownFileType = sourcecode.swift; name = VideoIOView.swift; path = Media/VideoIOView.swift; sourceTree = "<group>"; };
		295FEFAB1C3823BE00271E90 /* AMF0Serializer.swift */ = {isa = PBXFileReference; fileEncoding = 4; lastKnownFileType = sourcecode.swift; name = AMF0Serializer.swift; path = RTMP/AMF0Serializer.swift; sourceTree = "<group>"; };
		295FEFAD1C3823BE00271E90 /* RTMPRecorder.swift */ = {isa = PBXFileReference; fileEncoding = 4; lastKnownFileType = sourcecode.swift; name = RTMPRecorder.swift; path = RTMP/RTMPRecorder.swift; sourceTree = "<group>"; };
		295FEFB51C3823E200271E90 /* MP4AudioSpecificConfig.swift */ = {isa = PBXFileReference; fileEncoding = 4; lastKnownFileType = sourcecode.swift; name = MP4AudioSpecificConfig.swift; path = ISO/MP4AudioSpecificConfig.swift; sourceTree = "<group>"; };
		295FEFB61C3823E200271E90 /* MP4File.swift */ = {isa = PBXFileReference; fileEncoding = 4; lastKnownFileType = sourcecode.swift; name = MP4File.swift; path = ISO/MP4File.swift; sourceTree = "<group>"; };
		298E1FAF1CA01D5700B1030B /* ASStruct.swift */ = {isa = PBXFileReference; fileEncoding = 4; lastKnownFileType = sourcecode.swift; name = ASStruct.swift; path = RTMP/ASStruct.swift; sourceTree = "<group>"; };
		298E1FB31CA01FF800B1030B /* AMF3Serializer.swift */ = {isa = PBXFileReference; fileEncoding = 4; lastKnownFileType = sourcecode.swift; name = AMF3Serializer.swift; path = RTMP/AMF3Serializer.swift; sourceTree = "<group>"; };
		2996B3E61C8C8D7A00CE641B /* AudioIOComponent.swift */ = {isa = PBXFileReference; fileEncoding = 4; lastKnownFileType = sourcecode.swift; name = AudioIOComponent.swift; path = Media/AudioIOComponent.swift; sourceTree = "<group>"; };
		299E18841C7A443F000AB4CC /* RTMPAudioPlayback.swift */ = {isa = PBXFileReference; fileEncoding = 4; lastKnownFileType = sourcecode.swift; name = RTMPAudioPlayback.swift; path = RTMP/RTMPAudioPlayback.swift; sourceTree = "<group>"; };
		29B018A51C9E3648005F995E /* ByteArrayTests.swift */ = {isa = PBXFileReference; fileEncoding = 4; lastKnownFileType = sourcecode.swift; path = ByteArrayTests.swift; sourceTree = "<group>"; };
		29B018A71C9E57FF005F995E /* SwiftCore+ExtensionTests.swift */ = {isa = PBXFileReference; fileEncoding = 4; lastKnownFileType = sourcecode.swift; path = "SwiftCore+ExtensionTests.swift"; sourceTree = "<group>"; };
		29B2833F1B67AC3800E7CE5B /* EventDispatcherTests.swift */ = {isa = PBXFileReference; fileEncoding = 4; lastKnownFileType = sourcecode.swift; path = EventDispatcherTests.swift; sourceTree = "<group>"; };
		29BDE0BE1C65BD4300D6A768 /* EventDispatcher.swift */ = {isa = PBXFileReference; fileEncoding = 4; lastKnownFileType = sourcecode.swift; name = EventDispatcher.swift; path = Util/EventDispatcher.swift; sourceTree = "<group>"; };
		29BDE0C01C65BD5000D6A768 /* AVCaptureSessionManager.swift */ = {isa = PBXFileReference; fileEncoding = 4; lastKnownFileType = sourcecode.swift; name = AVCaptureSessionManager.swift; path = Media/AVCaptureSessionManager.swift; sourceTree = "<group>"; };
		29BDE0C11C65BD5000D6A768 /* ScreenCaptureSession.swift */ = {isa = PBXFileReference; fileEncoding = 4; lastKnownFileType = sourcecode.swift; name = ScreenCaptureSession.swift; path = Media/ScreenCaptureSession.swift; sourceTree = "<group>"; };
		29C0E05A1C2EB02E009DD8E8 /* RTMPChunk.swift */ = {isa = PBXFileReference; fileEncoding = 4; lastKnownFileType = sourcecode.swift; name = RTMPChunk.swift; path = RTMP/RTMPChunk.swift; sourceTree = "<group>"; };
		29C0E05B1C2EB02E009DD8E8 /* RTMPConnection.swift */ = {isa = PBXFileReference; fileEncoding = 4; lastKnownFileType = sourcecode.swift; name = RTMPConnection.swift; path = RTMP/RTMPConnection.swift; sourceTree = "<group>"; };
		29C0E05C1C2EB02E009DD8E8 /* RTMPMessage.swift */ = {isa = PBXFileReference; fileEncoding = 4; lastKnownFileType = sourcecode.swift; name = RTMPMessage.swift; path = RTMP/RTMPMessage.swift; sourceTree = "<group>"; };
		29C0E05D1C2EB02E009DD8E8 /* RTMPMuxer.swift */ = {isa = PBXFileReference; fileEncoding = 4; lastKnownFileType = sourcecode.swift; name = RTMPMuxer.swift; path = RTMP/RTMPMuxer.swift; sourceTree = "<group>"; };
		29C0E05E1C2EB02E009DD8E8 /* RTMPSharedObject.swift */ = {isa = PBXFileReference; fileEncoding = 4; lastKnownFileType = sourcecode.swift; name = RTMPSharedObject.swift; path = RTMP/RTMPSharedObject.swift; sourceTree = "<group>"; };
		29C0E05F1C2EB02E009DD8E8 /* RTMPSocket.swift */ = {isa = PBXFileReference; fileEncoding = 4; lastKnownFileType = sourcecode.swift; name = RTMPSocket.swift; path = RTMP/RTMPSocket.swift; sourceTree = "<group>"; };
		29C0E0601C2EB02E009DD8E8 /* RTMPStream.swift */ = {isa = PBXFileReference; fileEncoding = 4; lastKnownFileType = sourcecode.swift; name = RTMPStream.swift; path = RTMP/RTMPStream.swift; sourceTree = "<group>"; };
		29C5620A1C78D71700D4E51B /* ASStructTests.swift */ = {isa = PBXFileReference; fileEncoding = 4; lastKnownFileType = sourcecode.swift; path = ASStructTests.swift; sourceTree = "<group>"; };
		29C5620C1C78D73F00D4E51B /* AMF0SerializerTests.swift */ = {isa = PBXFileReference; fileEncoding = 4; lastKnownFileType = sourcecode.swift; path = AMF0SerializerTests.swift; sourceTree = "<group>"; };
		29CF9D9F1C8DD06700576CA6 /* Function.swift */ = {isa = PBXFileReference; fileEncoding = 4; lastKnownFileType = sourcecode.swift; path = Function.swift; sourceTree = "<group>"; };
		29DD18371B6E77EF00B9E10A /* AMF3SerializerTests.swift */ = {isa = PBXFileReference; fileEncoding = 4; lastKnownFileType = sourcecode.swift; path = AMF3SerializerTests.swift; sourceTree = "<group>"; };
		29E860391C2EFC0E00C595FB /* Foundation+ExtensionTests.swift */ = {isa = PBXFileReference; fileEncoding = 4; lastKnownFileType = sourcecode.swift; path = "Foundation+ExtensionTests.swift"; sourceTree = "<group>"; };
		29EA5FDA1C8C5177001CB36B /* VideoIOComponent.swift */ = {isa = PBXFileReference; fileEncoding = 4; lastKnownFileType = sourcecode.swift; name = VideoIOComponent.swift; path = Media/VideoIOComponent.swift; sourceTree = "<group>"; };
		29FA89721C68CA9C0032B242 /* AudioStreamPlayback.swift */ = {isa = PBXFileReference; fileEncoding = 4; lastKnownFileType = sourcecode.swift; name = AudioStreamPlayback.swift; path = Media/AudioStreamPlayback.swift; sourceTree = "<group>"; };
		635A71CA92B276AE53494AC6 /* Pods_lfTests.framework */ = {isa = PBXFileReference; explicitFileType = wrapper.framework; includeInIndex = 0; path = Pods_lfTests.framework; sourceTree = BUILT_PRODUCTS_DIR; };
		95451AD0DEA7FCCE86FD8E74 /* Pods-lf.debug.xcconfig */ = {isa = PBXFileReference; includeInIndex = 1; lastKnownFileType = text.xcconfig; name = "Pods-lf.debug.xcconfig"; path = "Pods/Target Support Files/Pods-lf/Pods-lf.debug.xcconfig"; sourceTree = "<group>"; };
		9C2D308C44F2B11E790B1949 /* Pods-lfTests.release.xcconfig */ = {isa = PBXFileReference; includeInIndex = 1; lastKnownFileType = text.xcconfig; name = "Pods-lfTests.release.xcconfig"; path = "Pods/Target Support Files/Pods-lfTests/Pods-lfTests.release.xcconfig"; sourceTree = "<group>"; };
		A3788BD1092C37100DDE4086 /* Pods_lf.framework */ = {isa = PBXFileReference; explicitFileType = wrapper.framework; includeInIndex = 0; path = Pods_lf.framework; sourceTree = BUILT_PRODUCTS_DIR; };
		BE83BABA1CA2E3E5006F50B4 /* XCGLogger.framework */ = {isa = PBXFileReference; lastKnownFileType = wrapper.framework; name = XCGLogger.framework; path = "../../Library/Developer/Xcode/DerivedData/lf-fylneggbxysbclbhrwmyvvdadshe/Build/Products/Debug-iphonesimulator/XCGLogger/XCGLogger.framework"; sourceTree = "<group>"; };
		BE83BABC1CA2E49A006F50B4 /* Pods_lf.framework */ = {isa = PBXFileReference; lastKnownFileType = wrapper.framework; name = Pods_lf.framework; path = "../../Library/Developer/Xcode/DerivedData/lf-fylneggbxysbclbhrwmyvvdadshe/Build/Products/Debug-iphonesimulator/Pods_lf.framework"; sourceTree = "<group>"; };
		C6CB746428B4A21C70093840 /* Pods-lfTests.debug.xcconfig */ = {isa = PBXFileReference; includeInIndex = 1; lastKnownFileType = text.xcconfig; name = "Pods-lfTests.debug.xcconfig"; path = "Pods/Target Support Files/Pods-lfTests/Pods-lfTests.debug.xcconfig"; sourceTree = "<group>"; };
		FE640B87794C358ED57DD302 /* Pods.framework */ = {isa = PBXFileReference; explicitFileType = wrapper.framework; includeInIndex = 0; path = Pods.framework; sourceTree = BUILT_PRODUCTS_DIR; };
/* End PBXFileReference section */

/* Begin PBXFrameworksBuildPhase section */
		2945CBB91B4BE66000104112 /* Frameworks */ = {
			isa = PBXFrameworksBuildPhase;
			buildActionMask = 2147483647;
			files = (
				739DB98C6B00B9523DBB849D /* Pods_lf.framework in Frameworks */,
			);
			runOnlyForDeploymentPostprocessing = 0;
		};
		2945CBC51B4BE66000104112 /* Frameworks */ = {
			isa = PBXFrameworksBuildPhase;
			buildActionMask = 2147483647;
			files = (
				BE83BABD1CA2E49A006F50B4 /* Pods_lf.framework in Frameworks */,
				2945CBC91B4BE66000104112 /* lf.framework in Frameworks */,
				B1A0668B8F471BAC6EC43B1A /* Pods_lfTests.framework in Frameworks */,
			);
			runOnlyForDeploymentPostprocessing = 0;
		};
/* End PBXFrameworksBuildPhase section */

/* Begin PBXGroup section */
		0B8300DF4C3FACAEF3A8223C /* Frameworks */ = {
			isa = PBXGroup;
			children = (
				BE83BABC1CA2E49A006F50B4 /* Pods_lf.framework */,
				BE83BABA1CA2E3E5006F50B4 /* XCGLogger.framework */,
				FE640B87794C358ED57DD302 /* Pods.framework */,
				A3788BD1092C37100DDE4086 /* Pods_lf.framework */,
				635A71CA92B276AE53494AC6 /* Pods_lfTests.framework */,
			);
			name = Frameworks;
			sourceTree = "<group>";
		};
		290907CD1C3961AD00F2E80C /* Codec */ = {
			isa = PBXGroup;
			children = (
				290907DC1C3965F000F2E80C /* AACEncoder.swift */,
				290907D21C3961E500F2E80C /* AVCEncoder.swift */,
				290907D11C3961E500F2E80C /* Encoder.swift */,
			);
			name = Codec;
			sourceTree = "<group>";
		};
		290907CE1C3961BC00F2E80C /* Util */ = {
			isa = PBXGroup;
			children = (
				292A168B1CA17B2E00B02325 /* AudioSessionUtil.swift */,
				290907CF1C3961CE00F2E80C /* ByteArray.swift */,
				29BDE0BE1C65BD4300D6A768 /* EventDispatcher.swift */,
				2922DA331C4150830016F67A /* MD5.swift */,
			);
			name = Util;
			sourceTree = "<group>";
		};
		290DDA321C88642100EA5BEB /* Core */ = {
			isa = PBXGroup;
			children = (
				290DDA341C88645200EA5BEB /* Constant.swift */,
				290DDA3A1C8864EB00EA5BEB /* Foundation+Extension.swift */,
				29CF9D9F1C8DD06700576CA6 /* Function.swift */,
				290DDA361C8864A900EA5BEB /* Runnable.swift */,
				290DDA371C8864A900EA5BEB /* SiwftCore+Extension.swift */,
			);
			path = Core;
			sourceTree = "<group>";
		};
		2945CBB31B4BE66000104112 = {
			isa = PBXGroup;
			children = (
				2945CBBF1B4BE66000104112 /* lf */,
				2945CBCC1B4BE66000104112 /* lfTests */,
				2945CBBE1B4BE66000104112 /* Products */,
				0B8300DF4C3FACAEF3A8223C /* Frameworks */,
				A86F8653331EEA544F73571D /* Pods */,
			);
			sourceTree = "<group>";
		};
		2945CBBE1B4BE66000104112 /* Products */ = {
			isa = PBXGroup;
			children = (
				2945CBBD1B4BE66000104112 /* lf.framework */,
				2945CBC81B4BE66000104112 /* lfTests.xctest */,
			);
			name = Products;
			sourceTree = "<group>";
		};
		2945CBBF1B4BE66000104112 /* lf */ = {
			isa = PBXGroup;
			children = (
				2945CBC21B4BE66000104112 /* lf.h */,
				290907CD1C3961AD00F2E80C /* Codec */,
				290DDA321C88642100EA5BEB /* Core */,
				295FEFA91C38236900271E90 /* ISO */,
				29BDE0BD1C65BC2400D6A768 /* Media */,
				29C0E0591C2EB00A009DD8E8 /* RTMP */,
				2945CBC01B4BE66000104112 /* Supporting Files */,
				290907CE1C3961BC00F2E80C /* Util */,
			);
			path = lf;
			sourceTree = "<group>";
		};
		2945CBC01B4BE66000104112 /* Supporting Files */ = {
			isa = PBXGroup;
			children = (
				2945CBC11B4BE66000104112 /* Info.plist */,
			);
			name = "Supporting Files";
			sourceTree = "<group>";
		};
		2945CBCC1B4BE66000104112 /* lfTests */ = {
			isa = PBXGroup;
			children = (
				29C5620C1C78D73F00D4E51B /* AMF0SerializerTests.swift */,
				29DD18371B6E77EF00B9E10A /* AMF3SerializerTests.swift */,
				29C5620A1C78D71700D4E51B /* ASStructTests.swift */,
				29B018A51C9E3648005F995E /* ByteArrayTests.swift */,
				29B2833F1B67AC3800E7CE5B /* EventDispatcherTests.swift */,
				29E860391C2EFC0E00C595FB /* Foundation+ExtensionTests.swift */,
				2922DA351C415FB70016F67A /* MD5Tests.swift */,
				29B018A71C9E57FF005F995E /* SwiftCore+ExtensionTests.swift */,
				2945CBCD1B4BE66000104112 /* Supporting Files */,
			);
			path = lfTests;
			sourceTree = "<group>";
		};
		2945CBCD1B4BE66000104112 /* Supporting Files */ = {
			isa = PBXGroup;
			children = (
				2945CBCE1B4BE66000104112 /* Info.plist */,
			);
			name = "Supporting Files";
			sourceTree = "<group>";
		};
		295FEFA91C38236900271E90 /* ISO */ = {
			isa = PBXGroup;
			children = (
				290907D51C3961F700F2E80C /* H264+AVC.swift */,
				295FEFB51C3823E200271E90 /* MP4AudioSpecificConfig.swift */,
				295FEFB61C3823E200271E90 /* MP4File.swift */,
			);
			name = ISO;
			sourceTree = "<group>";
		};
		29BDE0BD1C65BC2400D6A768 /* Media */ = {
			isa = PBXGroup;
			children = (
				2996B3E61C8C8D7A00CE641B /* AudioIOComponent.swift */,
				29FA89721C68CA9C0032B242 /* AudioStreamPlayback.swift */,
				29BDE0C01C65BD5000D6A768 /* AVCaptureSessionManager.swift */,
				29BDE0C11C65BD5000D6A768 /* ScreenCaptureSession.swift */,
				291F69DD1C88810E00C8B53E /* SoundTransform.swift */,
				29EA5FDA1C8C5177001CB36B /* VideoIOComponent.swift */,
				295EDC5B1CA0D488006A4A35 /* VideoIOView.swift */,
				2906CD441C9AD920006FCF56 /* VideoPreviewLayer.swift */,
				29556CBC1C8F064C00A7242B /* VisualEffect.swift */,
			);
			name = Media;
			sourceTree = "<group>";
		};
		29C0E0591C2EB00A009DD8E8 /* RTMP */ = {
			isa = PBXGroup;
			children = (
				295FEFAB1C3823BE00271E90 /* AMF0Serializer.swift */,
				298E1FB31CA01FF800B1030B /* AMF3Serializer.swift */,
				298E1FAF1CA01D5700B1030B /* ASStruct.swift */,
				299E18841C7A443F000AB4CC /* RTMPAudioPlayback.swift */,
				29C0E05A1C2EB02E009DD8E8 /* RTMPChunk.swift */,
				29C0E05B1C2EB02E009DD8E8 /* RTMPConnection.swift */,
				29C0E05C1C2EB02E009DD8E8 /* RTMPMessage.swift */,
				29C0E05D1C2EB02E009DD8E8 /* RTMPMuxer.swift */,
				295FEFAD1C3823BE00271E90 /* RTMPRecorder.swift */,
				29C0E05E1C2EB02E009DD8E8 /* RTMPSharedObject.swift */,
				29C0E05F1C2EB02E009DD8E8 /* RTMPSocket.swift */,
				29C0E0601C2EB02E009DD8E8 /* RTMPStream.swift */,
			);
			name = RTMP;
			sourceTree = "<group>";
		};
		A86F8653331EEA544F73571D /* Pods */ = {
			isa = PBXGroup;
			children = (
				95451AD0DEA7FCCE86FD8E74 /* Pods-lf.debug.xcconfig */,
				04960C75F7EE54F8A3E63FD3 /* Pods-lf.release.xcconfig */,
				C6CB746428B4A21C70093840 /* Pods-lfTests.debug.xcconfig */,
				9C2D308C44F2B11E790B1949 /* Pods-lfTests.release.xcconfig */,
			);
			name = Pods;
			sourceTree = "<group>";
		};
/* End PBXGroup section */

/* Begin PBXHeadersBuildPhase section */
		2945CBBA1B4BE66000104112 /* Headers */ = {
			isa = PBXHeadersBuildPhase;
			buildActionMask = 2147483647;
			files = (
				2945CBC31B4BE66000104112 /* lf.h in Headers */,
			);
			runOnlyForDeploymentPostprocessing = 0;
		};
/* End PBXHeadersBuildPhase section */

/* Begin PBXNativeTarget section */
		2945CBBC1B4BE66000104112 /* lf */ = {
			isa = PBXNativeTarget;
			buildConfigurationList = 2945CBD31B4BE66000104112 /* Build configuration list for PBXNativeTarget "lf" */;
			buildPhases = (
				7EC852206817576735E3932C /* 📦 Check Pods Manifest.lock */,
				2945CBB81B4BE66000104112 /* Sources */,
				2945CBB91B4BE66000104112 /* Frameworks */,
				2945CBBA1B4BE66000104112 /* Headers */,
				2945CBBB1B4BE66000104112 /* Resources */,
				6EED1A6CE607B0D9E9FFC6A7 /* 📦 Copy Pods Resources */,
			);
			buildRules = (
			);
			dependencies = (
			);
			name = lf;
			productName = lf;
			productReference = 2945CBBD1B4BE66000104112 /* lf.framework */;
			productType = "com.apple.product-type.framework";
		};
		2945CBC71B4BE66000104112 /* lfTests */ = {
			isa = PBXNativeTarget;
			buildConfigurationList = 2945CBD61B4BE66000104112 /* Build configuration list for PBXNativeTarget "lfTests" */;
			buildPhases = (
				C5E5F313BFBE46FD68CC278A /* 📦 Check Pods Manifest.lock */,
				2945CBC41B4BE66000104112 /* Sources */,
				2945CBC51B4BE66000104112 /* Frameworks */,
				2945CBC61B4BE66000104112 /* Resources */,
				1050788CD075F86C862CD5F9 /* 📦 Embed Pods Frameworks */,
				D165E2132F6EA8BD48A037B7 /* 📦 Copy Pods Resources */,
			);
			buildRules = (
				29C266CB1B4BE80100588BBE /* PBXBuildRule */,
			);
			dependencies = (
				2945CBCB1B4BE66000104112 /* PBXTargetDependency */,
			);
			name = lfTests;
			productName = lfTests;
			productReference = 2945CBC81B4BE66000104112 /* lfTests.xctest */;
			productType = "com.apple.product-type.bundle.unit-test";
		};
/* End PBXNativeTarget section */

/* Begin PBXProject section */
		2945CBB41B4BE66000104112 /* Project object */ = {
			isa = PBXProject;
			attributes = {
				LastSwiftMigration = 0700;
				LastSwiftUpdateCheck = 0700;
				LastUpgradeCheck = 0700;
				ORGANIZATIONNAME = "Shogo Endo";
				TargetAttributes = {
					2945CBBC1B4BE66000104112 = {
						CreatedOnToolsVersion = 6.4;
					};
					2945CBC71B4BE66000104112 = {
						CreatedOnToolsVersion = 6.4;
					};
				};
			};
			buildConfigurationList = 2945CBB71B4BE66000104112 /* Build configuration list for PBXProject "lf" */;
			compatibilityVersion = "Xcode 6.3";
			developmentRegion = English;
			hasScannedForEncodings = 0;
			knownRegions = (
				en,
			);
			mainGroup = 2945CBB31B4BE66000104112;
			productRefGroup = 2945CBBE1B4BE66000104112 /* Products */;
			projectDirPath = "";
			projectRoot = "";
			targets = (
				2945CBBC1B4BE66000104112 /* lf */,
				2945CBC71B4BE66000104112 /* lfTests */,
			);
		};
/* End PBXProject section */

/* Begin PBXResourcesBuildPhase section */
		2945CBBB1B4BE66000104112 /* Resources */ = {
			isa = PBXResourcesBuildPhase;
			buildActionMask = 2147483647;
			files = (
			);
			runOnlyForDeploymentPostprocessing = 0;
		};
		2945CBC61B4BE66000104112 /* Resources */ = {
			isa = PBXResourcesBuildPhase;
			buildActionMask = 2147483647;
			files = (
			);
			runOnlyForDeploymentPostprocessing = 0;
		};
/* End PBXResourcesBuildPhase section */

/* Begin PBXShellScriptBuildPhase section */
		1050788CD075F86C862CD5F9 /* 📦 Embed Pods Frameworks */ = {
			isa = PBXShellScriptBuildPhase;
			buildActionMask = 2147483647;
			files = (
			);
			inputPaths = (
			);
			name = "📦 Embed Pods Frameworks";
			outputPaths = (
			);
			runOnlyForDeploymentPostprocessing = 0;
			shellPath = /bin/sh;
			shellScript = "\"${SRCROOT}/Pods/Target Support Files/Pods-lfTests/Pods-lfTests-frameworks.sh\"\n";
			showEnvVarsInLog = 0;
		};
		6EED1A6CE607B0D9E9FFC6A7 /* 📦 Copy Pods Resources */ = {
			isa = PBXShellScriptBuildPhase;
			buildActionMask = 2147483647;
			files = (
			);
			inputPaths = (
			);
			name = "📦 Copy Pods Resources";
			outputPaths = (
			);
			runOnlyForDeploymentPostprocessing = 0;
			shellPath = /bin/sh;
			shellScript = "\"${SRCROOT}/Pods/Target Support Files/Pods-lf/Pods-lf-resources.sh\"\n";
			showEnvVarsInLog = 0;
		};
		7EC852206817576735E3932C /* 📦 Check Pods Manifest.lock */ = {
			isa = PBXShellScriptBuildPhase;
			buildActionMask = 2147483647;
			files = (
			);
			inputPaths = (
			);
			name = "📦 Check Pods Manifest.lock";
			outputPaths = (
			);
			runOnlyForDeploymentPostprocessing = 0;
			shellPath = /bin/sh;
			shellScript = "diff \"${PODS_ROOT}/../Podfile.lock\" \"${PODS_ROOT}/Manifest.lock\" > /dev/null\nif [[ $? != 0 ]] ; then\n    cat << EOM\nerror: The sandbox is not in sync with the Podfile.lock. Run 'pod install' or update your CocoaPods installation.\nEOM\n    exit 1\nfi\n";
			showEnvVarsInLog = 0;
		};
		C5E5F313BFBE46FD68CC278A /* 📦 Check Pods Manifest.lock */ = {
			isa = PBXShellScriptBuildPhase;
			buildActionMask = 2147483647;
			files = (
			);
			inputPaths = (
			);
			name = "📦 Check Pods Manifest.lock";
			outputPaths = (
			);
			runOnlyForDeploymentPostprocessing = 0;
			shellPath = /bin/sh;
			shellScript = "diff \"${PODS_ROOT}/../Podfile.lock\" \"${PODS_ROOT}/Manifest.lock\" > /dev/null\nif [[ $? != 0 ]] ; then\n    cat << EOM\nerror: The sandbox is not in sync with the Podfile.lock. Run 'pod install' or update your CocoaPods installation.\nEOM\n    exit 1\nfi\n";
			showEnvVarsInLog = 0;
		};
		D165E2132F6EA8BD48A037B7 /* 📦 Copy Pods Resources */ = {
			isa = PBXShellScriptBuildPhase;
			buildActionMask = 2147483647;
			files = (
			);
			inputPaths = (
			);
			name = "📦 Copy Pods Resources";
			outputPaths = (
			);
			runOnlyForDeploymentPostprocessing = 0;
			shellPath = /bin/sh;
			shellScript = "\"${SRCROOT}/Pods/Target Support Files/Pods-lfTests/Pods-lfTests-resources.sh\"\n";
			showEnvVarsInLog = 0;
		};
/* End PBXShellScriptBuildPhase section */

/* Begin PBXSourcesBuildPhase section */
		2945CBB81B4BE66000104112 /* Sources */ = {
			isa = PBXSourcesBuildPhase;
			buildActionMask = 2147483647;
			files = (
				290DDA3B1C8864EB00EA5BEB /* Foundation+Extension.swift in Sources */,
				295FEFAE1C3823BE00271E90 /* AMF0Serializer.swift in Sources */,
				291F69DE1C88810E00C8B53E /* SoundTransform.swift in Sources */,
				29C0E0631C2EB02E009DD8E8 /* RTMPMessage.swift in Sources */,
				295FEFB71C3823E200271E90 /* MP4AudioSpecificConfig.swift in Sources */,
				29C0E0661C2EB02E009DD8E8 /* RTMPSocket.swift in Sources */,
				290907DD1C3965F000F2E80C /* AACEncoder.swift in Sources */,
				29BDE0C21C65BD5000D6A768 /* AVCaptureSessionManager.swift in Sources */,
				295FEFB01C3823BE00271E90 /* RTMPRecorder.swift in Sources */,
				2906CD451C9AD920006FCF56 /* VideoPreviewLayer.swift in Sources */,
				292A168C1CA17B2E00B02325 /* AudioSessionUtil.swift in Sources */,
				290907D31C3961E500F2E80C /* Encoder.swift in Sources */,
				299E18851C7A4440000AB4CC /* RTMPAudioPlayback.swift in Sources */,
				290DDA391C8864A900EA5BEB /* SiwftCore+Extension.swift in Sources */,
				2996B3E71C8C8D7A00CE641B /* AudioIOComponent.swift in Sources */,
				298E1FB41CA01FF800B1030B /* AMF3Serializer.swift in Sources */,
				29556CBD1C8F064C00A7242B /* VisualEffect.swift in Sources */,
				29C0E0611C2EB02E009DD8E8 /* RTMPChunk.swift in Sources */,
				290907D61C3961F700F2E80C /* H264+AVC.swift in Sources */,
				29C0E0621C2EB02E009DD8E8 /* RTMPConnection.swift in Sources */,
				2922DA341C4150830016F67A /* MD5.swift in Sources */,
				29C0E0641C2EB02E009DD8E8 /* RTMPMuxer.swift in Sources */,
				295EDC5C1CA0D488006A4A35 /* VideoIOView.swift in Sources */,
				29CF9DA01C8DD06700576CA6 /* Function.swift in Sources */,
				29C0E0651C2EB02E009DD8E8 /* RTMPSharedObject.swift in Sources */,
				290907D01C3961CE00F2E80C /* ByteArray.swift in Sources */,
				290DDA381C8864A900EA5BEB /* Runnable.swift in Sources */,
				290DDA351C88645200EA5BEB /* Constant.swift in Sources */,
				29BDE0BF1C65BD4300D6A768 /* EventDispatcher.swift in Sources */,
				295FEFB81C3823E200271E90 /* MP4File.swift in Sources */,
				298E1FB01CA01D5700B1030B /* ASStruct.swift in Sources */,
				29BDE0C31C65BD5000D6A768 /* ScreenCaptureSession.swift in Sources */,
				290907D41C3961E500F2E80C /* AVCEncoder.swift in Sources */,
				29C0E0671C2EB02E009DD8E8 /* RTMPStream.swift in Sources */,
				29EA5FDB1C8C5178001CB36B /* VideoIOComponent.swift in Sources */,
				29FA89731C68CA9C0032B242 /* AudioStreamPlayback.swift in Sources */,
			);
			runOnlyForDeploymentPostprocessing = 0;
		};
		2945CBC41B4BE66000104112 /* Sources */ = {
			isa = PBXSourcesBuildPhase;
			buildActionMask = 2147483647;
			files = (
				29B018A81C9E57FF005F995E /* SwiftCore+ExtensionTests.swift in Sources */,
				29C5620B1C78D71700D4E51B /* ASStructTests.swift in Sources */,
				29C5620D1C78D73F00D4E51B /* AMF0SerializerTests.swift in Sources */,
				29B018A61C9E3648005F995E /* ByteArrayTests.swift in Sources */,
				2922DA361C415FB70016F67A /* MD5Tests.swift in Sources */,
				29E8603A1C2EFC0E00C595FB /* Foundation+ExtensionTests.swift in Sources */,
				29DD18381B6E77EF00B9E10A /* AMF3SerializerTests.swift in Sources */,
				29B283401B67AC3800E7CE5B /* EventDispatcherTests.swift in Sources */,
			);
			runOnlyForDeploymentPostprocessing = 0;
		};
/* End PBXSourcesBuildPhase section */

/* Begin PBXTargetDependency section */
		2945CBCB1B4BE66000104112 /* PBXTargetDependency */ = {
			isa = PBXTargetDependency;
			target = 2945CBBC1B4BE66000104112 /* lf */;
			targetProxy = 2945CBCA1B4BE66000104112 /* PBXContainerItemProxy */;
		};
/* End PBXTargetDependency section */

/* Begin XCBuildConfiguration section */
		2945CBD11B4BE66000104112 /* Debug */ = {
			isa = XCBuildConfiguration;
			buildSettings = {
				ALWAYS_SEARCH_USER_PATHS = NO;
				CLANG_CXX_LANGUAGE_STANDARD = "gnu++0x";
				CLANG_CXX_LIBRARY = "libc++";
				CLANG_ENABLE_MODULES = YES;
				CLANG_ENABLE_OBJC_ARC = YES;
				CLANG_WARN_BOOL_CONVERSION = YES;
				CLANG_WARN_CONSTANT_CONVERSION = YES;
				CLANG_WARN_DIRECT_OBJC_ISA_USAGE = YES_ERROR;
				CLANG_WARN_EMPTY_BODY = YES;
				CLANG_WARN_ENUM_CONVERSION = YES;
				CLANG_WARN_INT_CONVERSION = YES;
				CLANG_WARN_OBJC_ROOT_CLASS = YES_ERROR;
				CLANG_WARN_UNREACHABLE_CODE = YES;
				CLANG_WARN__DUPLICATE_METHOD_MATCH = YES;
				"CODE_SIGN_IDENTITY[sdk=iphoneos*]" = "iPhone Developer";
				COPY_PHASE_STRIP = NO;
				CURRENT_PROJECT_VERSION = 1;
				DEBUG_INFORMATION_FORMAT = "dwarf-with-dsym";
				ENABLE_STRICT_OBJC_MSGSEND = YES;
				ENABLE_TESTABILITY = YES;
				GCC_C_LANGUAGE_STANDARD = gnu99;
				GCC_DYNAMIC_NO_PIC = NO;
				GCC_NO_COMMON_BLOCKS = YES;
				GCC_OPTIMIZATION_LEVEL = 0;
				GCC_PREPROCESSOR_DEFINITIONS = (
					"DEBUG=1",
					"$(inherited)",
				);
				GCC_SYMBOLS_PRIVATE_EXTERN = NO;
				GCC_WARN_64_TO_32_BIT_CONVERSION = YES;
				GCC_WARN_ABOUT_RETURN_TYPE = YES_ERROR;
				GCC_WARN_UNDECLARED_SELECTOR = YES;
				GCC_WARN_UNINITIALIZED_AUTOS = YES_AGGRESSIVE;
				GCC_WARN_UNUSED_FUNCTION = YES;
				GCC_WARN_UNUSED_VARIABLE = YES;
				IPHONEOS_DEPLOYMENT_TARGET = 8.3;
				MTL_ENABLE_DEBUG_INFO = YES;
				ONLY_ACTIVE_ARCH = YES;
				SDKROOT = iphoneos;
				SWIFT_OPTIMIZATION_LEVEL = "-Onone";
				TARGETED_DEVICE_FAMILY = "1,2";
				VERSIONING_SYSTEM = "apple-generic";
				VERSION_INFO_PREFIX = "";
			};
			name = Debug;
		};
		2945CBD21B4BE66000104112 /* Release */ = {
			isa = XCBuildConfiguration;
			buildSettings = {
				ALWAYS_SEARCH_USER_PATHS = NO;
				CLANG_CXX_LANGUAGE_STANDARD = "gnu++0x";
				CLANG_CXX_LIBRARY = "libc++";
				CLANG_ENABLE_MODULES = YES;
				CLANG_ENABLE_OBJC_ARC = YES;
				CLANG_WARN_BOOL_CONVERSION = YES;
				CLANG_WARN_CONSTANT_CONVERSION = YES;
				CLANG_WARN_DIRECT_OBJC_ISA_USAGE = YES_ERROR;
				CLANG_WARN_EMPTY_BODY = YES;
				CLANG_WARN_ENUM_CONVERSION = YES;
				CLANG_WARN_INT_CONVERSION = YES;
				CLANG_WARN_OBJC_ROOT_CLASS = YES_ERROR;
				CLANG_WARN_UNREACHABLE_CODE = YES;
				CLANG_WARN__DUPLICATE_METHOD_MATCH = YES;
				"CODE_SIGN_IDENTITY[sdk=iphoneos*]" = "iPhone Developer";
				COPY_PHASE_STRIP = NO;
				CURRENT_PROJECT_VERSION = 1;
				DEBUG_INFORMATION_FORMAT = "dwarf-with-dsym";
				ENABLE_NS_ASSERTIONS = NO;
				ENABLE_STRICT_OBJC_MSGSEND = YES;
				GCC_C_LANGUAGE_STANDARD = gnu99;
				GCC_NO_COMMON_BLOCKS = YES;
				GCC_WARN_64_TO_32_BIT_CONVERSION = YES;
				GCC_WARN_ABOUT_RETURN_TYPE = YES_ERROR;
				GCC_WARN_UNDECLARED_SELECTOR = YES;
				GCC_WARN_UNINITIALIZED_AUTOS = YES_AGGRESSIVE;
				GCC_WARN_UNUSED_FUNCTION = YES;
				GCC_WARN_UNUSED_VARIABLE = YES;
				IPHONEOS_DEPLOYMENT_TARGET = 8.3;
				MTL_ENABLE_DEBUG_INFO = NO;
				SDKROOT = iphoneos;
				TARGETED_DEVICE_FAMILY = "1,2";
				VALIDATE_PRODUCT = YES;
				VERSIONING_SYSTEM = "apple-generic";
				VERSION_INFO_PREFIX = "";
			};
			name = Release;
		};
		2945CBD41B4BE66000104112 /* Debug */ = {
			isa = XCBuildConfiguration;
			baseConfigurationReference = 95451AD0DEA7FCCE86FD8E74 /* Pods-lf.debug.xcconfig */;
			buildSettings = {
				CODE_SIGN_IDENTITY = "iPhone Developer";
				"CODE_SIGN_IDENTITY[sdk=iphoneos*]" = "iPhone Developer";
				DEFINES_MODULE = YES;
				DYLIB_COMPATIBILITY_VERSION = 1;
				DYLIB_CURRENT_VERSION = 1;
				DYLIB_INSTALL_NAME_BASE = "@rpath";
				INFOPLIST_FILE = lf/Info.plist;
				INSTALL_PATH = "$(LOCAL_LIBRARY_DIR)/Frameworks";
				LD_RUNPATH_SEARCH_PATHS = "$(inherited) @executable_path/Frameworks @loader_path/Frameworks";
				PRODUCT_BUNDLE_IDENTIFIER = "com.github.shogo4405.$(PRODUCT_NAME:rfc1034identifier)";
				PRODUCT_NAME = "$(TARGET_NAME)";
				PROVISIONING_PROFILE = "";
				SKIP_INSTALL = YES;
				SWIFT_INCLUDE_PATHS = "";
			};
			name = Debug;
		};
		2945CBD51B4BE66000104112 /* Release */ = {
			isa = XCBuildConfiguration;
			baseConfigurationReference = 04960C75F7EE54F8A3E63FD3 /* Pods-lf.release.xcconfig */;
			buildSettings = {
				CODE_SIGN_IDENTITY = "iPhone Developer";
				"CODE_SIGN_IDENTITY[sdk=iphoneos*]" = "iPhone Developer";
				DEFINES_MODULE = YES;
				DYLIB_COMPATIBILITY_VERSION = 1;
				DYLIB_CURRENT_VERSION = 1;
				DYLIB_INSTALL_NAME_BASE = "@rpath";
				INFOPLIST_FILE = lf/Info.plist;
				INSTALL_PATH = "$(LOCAL_LIBRARY_DIR)/Frameworks";
				LD_RUNPATH_SEARCH_PATHS = "$(inherited) @executable_path/Frameworks @loader_path/Frameworks";
				PRODUCT_BUNDLE_IDENTIFIER = "com.github.shogo4405.$(PRODUCT_NAME:rfc1034identifier)";
				PRODUCT_NAME = "$(TARGET_NAME)";
				PROVISIONING_PROFILE = "";
				SKIP_INSTALL = YES;
				SWIFT_INCLUDE_PATHS = "";
			};
			name = Release;
		};
		2945CBD71B4BE66000104112 /* Debug */ = {
			isa = XCBuildConfiguration;
			baseConfigurationReference = C6CB746428B4A21C70093840 /* Pods-lfTests.debug.xcconfig */;
			buildSettings = {
				FRAMEWORK_SEARCH_PATHS = (
					"$(SDKROOT)/Developer/Library/Frameworks",
					"$(inherited)",
				);
				GCC_PREPROCESSOR_DEFINITIONS = (
					"DEBUG=1",
					"$(inherited)",
				);
				INFOPLIST_FILE = lfTests/Info.plist;
				LD_RUNPATH_SEARCH_PATHS = "$(inherited) @executable_path/Frameworks @loader_path/Frameworks";
				PRODUCT_BUNDLE_IDENTIFIER = "com.github.shogo4405.$(PRODUCT_NAME:rfc1034identifier)";
				PRODUCT_NAME = "$(TARGET_NAME)";
			};
			name = Debug;
		};
		2945CBD81B4BE66000104112 /* Release */ = {
			isa = XCBuildConfiguration;
			baseConfigurationReference = 9C2D308C44F2B11E790B1949 /* Pods-lfTests.release.xcconfig */;
			buildSettings = {
				FRAMEWORK_SEARCH_PATHS = (
					"$(SDKROOT)/Developer/Library/Frameworks",
					"$(inherited)",
				);
				INFOPLIST_FILE = lfTests/Info.plist;
				LD_RUNPATH_SEARCH_PATHS = "$(inherited) @executable_path/Frameworks @loader_path/Frameworks";
				PRODUCT_BUNDLE_IDENTIFIER = "com.github.shogo4405.$(PRODUCT_NAME:rfc1034identifier)";
				PRODUCT_NAME = "$(TARGET_NAME)";
			};
			name = Release;
		};
/* End XCBuildConfiguration section */

/* Begin XCConfigurationList section */
		2945CBB71B4BE66000104112 /* Build configuration list for PBXProject "lf" */ = {
			isa = XCConfigurationList;
			buildConfigurations = (
				2945CBD11B4BE66000104112 /* Debug */,
				2945CBD21B4BE66000104112 /* Release */,
			);
			defaultConfigurationIsVisible = 0;
			defaultConfigurationName = Release;
		};
		2945CBD31B4BE66000104112 /* Build configuration list for PBXNativeTarget "lf" */ = {
			isa = XCConfigurationList;
			buildConfigurations = (
				2945CBD41B4BE66000104112 /* Debug */,
				2945CBD51B4BE66000104112 /* Release */,
			);
			defaultConfigurationIsVisible = 0;
			defaultConfigurationName = Release;
		};
		2945CBD61B4BE66000104112 /* Build configuration list for PBXNativeTarget "lfTests" */ = {
			isa = XCConfigurationList;
			buildConfigurations = (
				2945CBD71B4BE66000104112 /* Debug */,
				2945CBD81B4BE66000104112 /* Release */,
			);
			defaultConfigurationIsVisible = 0;
			defaultConfigurationName = Release;
		};
/* End XCConfigurationList section */
	};
	rootObject = 2945CBB41B4BE66000104112 /* Project object */;
}
